
Microsoft Visual Studio Solution File, Format Version 12.00
# Visual Studio Version 16
VisualStudioVersion = 16.0.30621.155
MinimumVisualStudioVersion = 10.0.40219.1
Project("{9A19103F-16F7-4668-BE54-9A1E7A4F7556}") = "HiddenVilla_Server", "HiddenVilla_Server\HiddenVilla_Server.csproj", "{A8CBD457-8A1F-41AE-B039-D6481794C65B}"
EndProject
Global
	GlobalSection(SolutionConfigurationPlatforms) = preSolution
		Debug|Any CPU = Debug|Any CPU
		Release|Any CPU = Release|Any CPU
	EndGlobalSection
	GlobalSection(ProjectConfigurationPlatforms) = postSolution
		{A8CBD457-8A1F-41AE-B039-D6481794C65B}.Debug|Any CPU.ActiveCfg = Debug|Any CPU
		{A8CBD457-8A1F-41AE-B039-D6481794C65B}.Debug|Any CPU.Build.0 = Debug|Any CPU
		{A8CBD457-8A1F-41AE-B039-D6481794C65B}.Release|Any CPU.ActiveCfg = Release|Any CPU
		{A8CBD457-8A1F-41AE-B039-D6481794C65B}.Release|Any CPU.Build.0 = Release|Any CPU
	EndGlobalSection
	GlobalSection(SolutionProperties) = preSolution
		HideSolutionNode = FALSE
	EndGlobalSection
	GlobalSection(ExtensibilityGlobals) = postSolution
		SolutionGuid = {FDD7E551-E55F-464F-A51D-8AE711D6C655}
	EndGlobalSection
EndGlobal
